{
  "name": "MFA-game",
  "lockfileVersion": 3,
  "requires": true,
  "packages": {
    "": {
      "dependencies": {
        "balloons": "^0.0.1-security"
      }
    },
    "node_modules/balloons": {
      "version": "0.0.1-security",
      "resolved": "https://registry.npmjs.org/balloons/-/balloons-0.0.1-security.tgz",
      "integrity": "sha512-2Prx9IxTjCgwpMXWCkBoJgYyExoosVi4dywm9QC71GkBHOsv53b7L+uK62Tgef5Lyc6h81cbCKrUNVQD7t9VdA=="
    }
  }
}
